# generated by rye
# use `rye lock` or `rye sync` to update this lockfile
#
# last locked with the following flags:
#   pre: false
#   features: []
#   all-features: false
#   with-sources: false
#   generate-hashes: false
#   universal: false

-e file:.
kaleido==0.2.1
    # via multiharp-toolkit
maturin==1.7.4
    # via multiharp-toolkit
numpy==2.1.2
    # via pandas
    # via pyarrow
packaging==24.1
    # via plotly
pandas==2.2.3
    # via multiharp-toolkit
patchelf==0.17.2.1
    # via maturin
plotly==5.24.1
    # via multiharp-toolkit
polars==1.9.0
    # via multiharp-toolkit
pyarrow==17.0.0
    # via multiharp-toolkit
    # via pyarrow-stubs
pyarrow-stubs==17.7
    # via multiharp-toolkit
python-dateutil==2.9.0.post0
    # via pandas
pytz==2024.2
    # via pandas
six==1.16.0
    # via python-dateutil
structlog==24.4.0
    # via multiharp-toolkit
tenacity==9.0.0
    # via plotly
tzdata==2024.2
    # via pandas
