# generated by rye
# use `rye lock` or `rye sync` to update this lockfile
#
# last locked with the following flags:
#   pre: false
#   features: []
#   all-features: false
#   with-sources: false

-e file:.
asttokens==2.4.1
    # via stack-data
attrs==23.1.0
    # via jsonschema
    # via referencing
comm==0.1.4
    # via ipykernel
debugpy==1.8.0
    # via ipykernel
decorator==5.1.1
    # via ipython
executing==2.0.1
    # via stack-data
fastjsonschema==2.18.1
    # via nbformat
iniconfig==2.0.0
    # via pytest
ipykernel==6.26.0
ipython==8.17.2
    # via ipykernel
jedi==0.19.1
    # via ipython
jsonschema==4.19.2
    # via nbformat
jsonschema-specifications==2023.7.1
    # via jsonschema
jupyter-client==8.5.0
    # via ipykernel
jupyter-core==5.5.0
    # via ipykernel
    # via jupyter-client
    # via nbformat
kaleido==0.2.1
    # via multiharp-toolkit
matplotlib-inline==0.1.6
    # via ipykernel
    # via ipython
maturin==1.4.0
    # via multiharp-toolkit
nbformat==5.9.2
nest-asyncio==1.5.8
    # via ipykernel
numpy==1.26.1
    # via pandas
    # via pyarrow
packaging==23.2
    # via ipykernel
    # via plotly
    # via pytest
pandas==2.1.2
    # via multiharp-toolkit
parso==0.8.3
    # via jedi
pexpect==4.8.0
    # via ipython
platformdirs==3.11.0
    # via jupyter-core
plotly==5.18.0
    # via multiharp-toolkit
pluggy==1.3.0
    # via pytest
polars==0.20.5
    # via multiharp-toolkit
prompt-toolkit==3.0.39
    # via ipython
psutil==5.9.6
    # via ipykernel
ptyprocess==0.7.0
    # via pexpect
pure-eval==0.2.2
    # via stack-data
pyarrow==14.0.2
    # via multiharp-toolkit
pygments==2.16.1
    # via ipython
pytest==7.4.4
python-dateutil==2.8.2
    # via jupyter-client
    # via pandas
pytz==2023.3.post1
    # via pandas
pyzmq==25.1.1
    # via ipykernel
    # via jupyter-client
referencing==0.30.2
    # via jsonschema
    # via jsonschema-specifications
rpds-py==0.10.6
    # via jsonschema
    # via referencing
six==1.16.0
    # via asttokens
    # via python-dateutil
stack-data==0.6.3
    # via ipython
tenacity==8.2.3
    # via plotly
tornado==6.3.3
    # via ipykernel
    # via jupyter-client
traitlets==5.13.0
    # via comm
    # via ipykernel
    # via ipython
    # via jupyter-client
    # via jupyter-core
    # via matplotlib-inline
    # via nbformat
tzdata==2023.3
    # via pandas
wcwidth==0.2.9
    # via prompt-toolkit
